// !$*UTF8*$!
{
	archiveVersion = 1;
	classes = {
	};
	objectVersion = 56;
	objects = {

/* Begin PBXBuildFile section */
		FB46897E2B0015CD005E9437 /* CookcademyApp.swift in Sources */ = {isa = PBXBuildFile; fileRef = FB46897D2B0015CD005E9437 /* CookcademyApp.swift */; };
		FB4689802B0015CD005E9437 /* RecipesListView.swift in Sources */ = {isa = PBXBuildFile; fileRef = FB46897F2B0015CD005E9437 /* RecipesListView.swift */; };
		FB4689822B0015D1005E9437 /* Assets.xcassets in Resources */ = {isa = PBXBuildFile; fileRef = FB4689812B0015D1005E9437 /* Assets.xcassets */; };
		FB4689852B0015D1005E9437 /* Preview Assets.xcassets in Resources */ = {isa = PBXBuildFile; fileRef = FB4689842B0015D1005E9437 /* Preview Assets.xcassets */; };
		FB46898D2B001686005E9437 /* Recipe.swift in Sources */ = {isa = PBXBuildFile; fileRef = FB46898C2B001686005E9437 /* Recipe.swift */; };
		FB4689AD2B0030B8005E9437 /* RecipeData.swift in Sources */ = {isa = PBXBuildFile; fileRef = FB4689AC2B0030B8005E9437 /* RecipeData.swift */; };
		FB4689B12B006D14005E9437 /* RecipeDetailView.swift in Sources */ = {isa = PBXBuildFile; fileRef = FB4689B02B006D14005E9437 /* RecipeDetailView.swift */; };
		FB4689B32B0073C5005E9437 /* AppColor.swift in Sources */ = {isa = PBXBuildFile; fileRef = FB4689B22B0073C5005E9437 /* AppColor.swift */; };
		FB4689CF2B00821A005E9437 /* RecipeCategoryGridView.swift in Sources */ = {isa = PBXBuildFile; fileRef = FB4689CE2B00821A005E9437 /* RecipeCategoryGridView.swift */; };
		FBB24DB62B06E371005A1711 /* ModifyRecipeView.swift in Sources */ = {isa = PBXBuildFile; fileRef = FBB24DB52B06E371005A1711 /* ModifyRecipeView.swift */; };
		FBB24DB82B06E60D005A1711 /* ModifyMainInformationView.swift in Sources */ = {isa = PBXBuildFile; fileRef = FBB24DB72B06E60D005A1711 /* ModifyMainInformationView.swift */; };
/* End PBXBuildFile section */

/* Begin PBXFileReference section */
		FB46897A2B0015CD005E9437 /* Cookcademy.app */ = {isa = PBXFileReference; explicitFileType = wrapper.application; includeInIndex = 0; path = Cookcademy.app; sourceTree = BUILT_PRODUCTS_DIR; };
		FB46897D2B0015CD005E9437 /* CookcademyApp.swift */ = {isa = PBXFileReference; lastKnownFileType = sourcecode.swift; path = CookcademyApp.swift; sourceTree = "<group>"; };
		FB46897F2B0015CD005E9437 /* RecipesListView.swift */ = {isa = PBXFileReference; lastKnownFileType = sourcecode.swift; path = RecipesListView.swift; sourceTree = "<group>"; };
		FB4689812B0015D1005E9437 /* Assets.xcassets */ = {isa = PBXFileReference; lastKnownFileType = folder.assetcatalog; path = Assets.xcassets; sourceTree = "<group>"; };
		FB4689842B0015D1005E9437 /* Preview Assets.xcassets */ = {isa = PBXFileReference; lastKnownFileType = folder.assetcatalog; path = "Preview Assets.xcassets"; sourceTree = "<group>"; };
		FB46898C2B001686005E9437 /* Recipe.swift */ = {isa = PBXFileReference; lastKnownFileType = sourcecode.swift; path = Recipe.swift; sourceTree = "<group>"; };
		FB4689AC2B0030B8005E9437 /* RecipeData.swift */ = {isa = PBXFileReference; lastKnownFileType = sourcecode.swift; path = RecipeData.swift; sourceTree = "<group>"; };
		FB4689B02B006D14005E9437 /* RecipeDetailView.swift */ = {isa = PBXFileReference; lastKnownFileType = sourcecode.swift; path = RecipeDetailView.swift; sourceTree = "<group>"; };
		FB4689B22B0073C5005E9437 /* AppColor.swift */ = {isa = PBXFileReference; lastKnownFileType = sourcecode.swift; path = AppColor.swift; sourceTree = "<group>"; };
		FB4689CE2B00821A005E9437 /* RecipeCategoryGridView.swift */ = {isa = PBXFileReference; lastKnownFileType = sourcecode.swift; path = RecipeCategoryGridView.swift; sourceTree = "<group>"; };
		FBB24DB52B06E371005A1711 /* ModifyRecipeView.swift */ = {isa = PBXFileReference; lastKnownFileType = sourcecode.swift; path = ModifyRecipeView.swift; sourceTree = "<group>"; };
		FBB24DB72B06E60D005A1711 /* ModifyMainInformationView.swift */ = {isa = PBXFileReference; lastKnownFileType = sourcecode.swift; path = ModifyMainInformationView.swift; sourceTree = "<group>"; };
/* End PBXFileReference section */

/* Begin PBXFrameworksBuildPhase section */
		FB4689772B0015CD005E9437 /* Frameworks */ = {
			isa = PBXFrameworksBuildPhase;
			buildActionMask = 2147483647;
			files = (
			);
			runOnlyForDeploymentPostprocessing = 0;
		};
/* End PBXFrameworksBuildPhase section */

/* Begin PBXGroup section */
		FB4689712B0015CD005E9437 = {
			isa = PBXGroup;
			children = (
				FB46897C2B0015CD005E9437 /* Cookcademy */,
				FB46897B2B0015CD005E9437 /* Products */,
			);
			sourceTree = "<group>";
		};
		FB46897B2B0015CD005E9437 /* Products */ = {
			isa = PBXGroup;
			children = (
				FB46897A2B0015CD005E9437 /* Cookcademy.app */,
			);
			name = Products;
			sourceTree = "<group>";
		};
		FB46897C2B0015CD005E9437 /* Cookcademy */ = {
			isa = PBXGroup;
			children = (
				FB46897D2B0015CD005E9437 /* CookcademyApp.swift */,
				FB4689AA2B002F1F005E9437 /* Views */,
				FB4689AB2B002F42005E9437 /* ViewModels */,
				FB46898B2B001679005E9437 /* Models */,
				FB4689812B0015D1005E9437 /* Assets.xcassets */,
				FB4689832B0015D1005E9437 /* Preview Content */,
			);
			path = Cookcademy;
			sourceTree = "<group>";
		};
		FB4689832B0015D1005E9437 /* Preview Content */ = {
			isa = PBXGroup;
			children = (
				FB4689842B0015D1005E9437 /* Preview Assets.xcassets */,
			);
			path = "Preview Content";
			sourceTree = "<group>";
		};
		FB46898B2B001679005E9437 /* Models */ = {
			isa = PBXGroup;
			children = (
				FB46898C2B001686005E9437 /* Recipe.swift */,
			);
			path = Models;
			sourceTree = "<group>";
		};
		FB4689AA2B002F1F005E9437 /* Views */ = {
			isa = PBXGroup;
			children = (
				FBB24DB32B06E323005A1711 /* ExploreRecipes */,
				FBB24DB42B06E348005A1711 /* ModifyRecipes */,
			);
			path = Views;
			sourceTree = "<group>";
		};
		FB4689AB2B002F42005E9437 /* ViewModels */ = {
			isa = PBXGroup;
			children = (
				FB4689AC2B0030B8005E9437 /* RecipeData.swift */,
				FB4689B22B0073C5005E9437 /* AppColor.swift */,
			);
			path = ViewModels;
			sourceTree = "<group>";
		};
		FBB24DB32B06E323005A1711 /* ExploreRecipes */ = {
			isa = PBXGroup;
			children = (
				FB4689CE2B00821A005E9437 /* RecipeCategoryGridView.swift */,
				FB46897F2B0015CD005E9437 /* RecipesListView.swift */,
				FB4689B02B006D14005E9437 /* RecipeDetailView.swift */,
			);
			path = ExploreRecipes;
			sourceTree = "<group>";
		};
		FBB24DB42B06E348005A1711 /* ModifyRecipes */ = {
			isa = PBXGroup;
			children = (
				FBB24DB52B06E371005A1711 /* ModifyRecipeView.swift */,
				FBB24DB72B06E60D005A1711 /* ModifyMainInformationView.swift */,
			);
			path = ModifyRecipes;
			sourceTree = "<group>";
		};
/* End PBXGroup section */

/* Begin PBXNativeTarget section */
		FB4689792B0015CD005E9437 /* Cookcademy */ = {
			isa = PBXNativeTarget;
			buildConfigurationList = FB4689882B0015D1005E9437 /* Build configuration list for PBXNativeTarget "Cookcademy" */;
			buildPhases = (
				FB4689762B0015CD005E9437 /* Sources */,
				FB4689772B0015CD005E9437 /* Frameworks */,
				FB4689782B0015CD005E9437 /* Resources */,
			);
			buildRules = (
			);
			dependencies = (
			);
			name = Cookcademy;
			productName = Cookcademy;
			productReference = FB46897A2B0015CD005E9437 /* Cookcademy.app */;
			productType = "com.apple.product-type.application";
		};
/* End PBXNativeTarget section */

/* Begin PBXProject section */
		FB4689722B0015CD005E9437 /* Project object */ = {
			isa = PBXProject;
			attributes = {
				BuildIndependentTargetsInParallel = 1;
				LastSwiftUpdateCheck = 1500;
				LastUpgradeCheck = 1500;
				TargetAttributes = {
					FB4689792B0015CD005E9437 = {
						CreatedOnToolsVersion = 15.0;
					};
				};
			};
			buildConfigurationList = FB4689752B0015CD005E9437 /* Build configuration list for PBXProject "Cookcademy" */;
			compatibilityVersion = "Xcode 14.0";
			developmentRegion = en;
			hasScannedForEncodings = 0;
			knownRegions = (
				en,
				Base,
			);
			mainGroup = FB4689712B0015CD005E9437;
			productRefGroup = FB46897B2B0015CD005E9437 /* Products */;
			projectDirPath = "";
			projectRoot = "";
			targets = (
				FB4689792B0015CD005E9437 /* Cookcademy */,
			);
		};
/* End PBXProject section */

/* Begin PBXResourcesBuildPhase section */
		FB4689782B0015CD005E9437 /* Resources */ = {
			isa = PBXResourcesBuildPhase;
			buildActionMask = 2147483647;
			files = (
				FB4689852B0015D1005E9437 /* Preview Assets.xcassets in Resources */,
				FB4689822B0015D1005E9437 /* Assets.xcassets in Resources */,
			);
			runOnlyForDeploymentPostprocessing = 0;
		};
/* End PBXResourcesBuildPhase section */

/* Begin PBXSourcesBuildPhase section */
		FB4689762B0015CD005E9437 /* Sources */ = {
			isa = PBXSourcesBuildPhase;
			buildActionMask = 2147483647;
			files = (
				FB46898D2B001686005E9437 /* Recipe.swift in Sources */,
				FB4689B12B006D14005E9437 /* RecipeDetailView.swift in Sources */,
				FB4689CF2B00821A005E9437 /* RecipeCategoryGridView.swift in Sources */,
				FB4689802B0015CD005E9437 /* RecipesListView.swift in Sources */,
				FBB24DB62B06E371005A1711 /* ModifyRecipeView.swift in Sources */,
				FB4689AD2B0030B8005E9437 /* RecipeData.swift in Sources */,
				FB46897E2B0015CD005E9437 /* CookcademyApp.swift in Sources */,
				FBB24DB82B06E60D005A1711 /* ModifyMainInformationView.swift in Sources */,
				FB4689B32B0073C5005E9437 /* AppColor.swift in Sources */,
			);
			runOnlyForDeploymentPostprocessing = 0;
		};
/* End PBXSourcesBuildPhase section */

/* Begin XCBuildConfiguration section */
		FB4689862B0015D1005E9437 /* Debug */ = {
			isa = XCBuildConfiguration;
			buildSettings = {
				ALWAYS_SEARCH_USER_PATHS = NO;
				ASSETCATALOG_COMPILER_GENERATE_SWIFT_ASSET_SYMBOL_EXTENSIONS = YES;
				CLANG_ANALYZER_NONNULL = YES;
				CLANG_ANALYZER_NUMBER_OBJECT_CONVERSION = YES_AGGRESSIVE;
				CLANG_CXX_LANGUAGE_STANDARD = "gnu++20";
				CLANG_ENABLE_MODULES = YES;
				CLANG_ENABLE_OBJC_ARC = YES;
				CLANG_ENABLE_OBJC_WEAK = YES;
				CLANG_WARN_BLOCK_CAPTURE_AUTORELEASING = YES;
				CLANG_WARN_BOOL_CONVERSION = YES;
				CLANG_WARN_COMMA = YES;
				CLANG_WARN_CONSTANT_CONVERSION = YES;
				CLANG_WARN_DEPRECATED_OBJC_IMPLEMENTATIONS = YES;
				CLANG_WARN_DIRECT_OBJC_ISA_USAGE = YES_ERROR;
				CLANG_WARN_DOCUMENTATION_COMMENTS = YES;
				CLANG_WARN_EMPTY_BODY = YES;
				CLANG_WARN_ENUM_CONVERSION = YES;
				CLANG_WARN_INFINITE_RECURSION = YES;
				CLANG_WARN_INT_CONVERSION = YES;
				CLANG_WARN_NON_LITERAL_NULL_CONVERSION = YES;
				CLANG_WARN_OBJC_IMPLICIT_RETAIN_SELF = YES;
				CLANG_WARN_OBJC_LITERAL_CONVERSION = YES;
				CLANG_WARN_OBJC_ROOT_CLASS = YES_ERROR;
				CLANG_WARN_QUOTED_INCLUDE_IN_FRAMEWORK_HEADER = YES;
				CLANG_WARN_RANGE_LOOP_ANALYSIS = YES;
				CLANG_WARN_STRICT_PROTOTYPES = YES;
				CLANG_WARN_SUSPICIOUS_MOVE = YES;
				CLANG_WARN_UNGUARDED_AVAILABILITY = YES_AGGRESSIVE;
				CLANG_WARN_UNREACHABLE_CODE = YES;
				CLANG_WARN__DUPLICATE_METHOD_MATCH = YES;
				COPY_PHASE_STRIP = NO;
				DEBUG_INFORMATION_FORMAT = dwarf;
				ENABLE_STRICT_OBJC_MSGSEND = YES;
				ENABLE_TESTABILITY = YES;
				ENABLE_USER_SCRIPT_SANDBOXING = YES;
				GCC_C_LANGUAGE_STANDARD = gnu17;
				GCC_DYNAMIC_NO_PIC = NO;
				GCC_NO_COMMON_BLOCKS = YES;
				GCC_OPTIMIZATION_LEVEL = 0;
				GCC_PREPROCESSOR_DEFINITIONS = (
					"DEBUG=1",
					"$(inherited)",
				);
				GCC_WARN_64_TO_32_BIT_CONVERSION = YES;
				GCC_WARN_ABOUT_RETURN_TYPE = YES_ERROR;
				GCC_WARN_UNDECLARED_SELECTOR = YES;
				GCC_WARN_UNINITIALIZED_AUTOS = YES_AGGRESSIVE;
				GCC_WARN_UNUSED_FUNCTION = YES;
				GCC_WARN_UNUSED_VARIABLE = YES;
				IPHONEOS_DEPLOYMENT_TARGET = 16.4;
				LOCALIZATION_PREFERS_STRING_CATALOGS = YES;
				MTL_ENABLE_DEBUG_INFO = INCLUDE_SOURCE;
				MTL_FAST_MATH = YES;
				ONLY_ACTIVE_ARCH = YES;
				SDKROOT = iphoneos;
				SWIFT_ACTIVE_COMPILATION_CONDITIONS = "DEBUG $(inherited)";
				SWIFT_OPTIMIZATION_LEVEL = "-Onone";
			};
			name = Debug;
		};
		FB4689872B0015D1005E9437 /* Release */ = {
			isa = XCBuildConfiguration;
			buildSettings = {
				ALWAYS_SEARCH_USER_PATHS = NO;
				ASSETCATALOG_COMPILER_GENERATE_SWIFT_ASSET_SYMBOL_EXTENSIONS = YES;
				CLANG_ANALYZER_NONNULL = YES;
				CLANG_ANALYZER_NUMBER_OBJECT_CONVERSION = YES_AGGRESSIVE;
				CLANG_CXX_LANGUAGE_STANDARD = "gnu++20";
				CLANG_ENABLE_MODULES = YES;
				CLANG_ENABLE_OBJC_ARC = YES;
				CLANG_ENABLE_OBJC_WEAK = YES;
				CLANG_WARN_BLOCK_CAPTURE_AUTORELEASING = YES;
				CLANG_WARN_BOOL_CONVERSION = YES;
				CLANG_WARN_COMMA = YES;
				CLANG_WARN_CONSTANT_CONVERSION = YES;
				CLANG_WARN_DEPRECATED_OBJC_IMPLEMENTATIONS = YES;
				CLANG_WARN_DIRECT_OBJC_ISA_USAGE = YES_ERROR;
				CLANG_WARN_DOCUMENTATION_COMMENTS = YES;
				CLANG_WARN_EMPTY_BODY = YES;
				CLANG_WARN_ENUM_CONVERSION = YES;
				CLANG_WARN_INFINITE_RECURSION = YES;
				CLANG_WARN_INT_CONVERSION = YES;
				CLANG_WARN_NON_LITERAL_NULL_CONVERSION = YES;
				CLANG_WARN_OBJC_IMPLICIT_RETAIN_SELF = YES;
				CLANG_WARN_OBJC_LITERAL_CONVERSION = YES;
				CLANG_WARN_OBJC_ROOT_CLASS = YES_ERROR;
				CLANG_WARN_QUOTED_INCLUDE_IN_FRAMEWORK_HEADER = YES;
				CLANG_WARN_RANGE_LOOP_ANALYSIS = YES;
				CLANG_WARN_STRICT_PROTOTYPES = YES;
				CLANG_WARN_SUSPICIOUS_MOVE = YES;
				CLANG_WARN_UNGUARDED_AVAILABILITY = YES_AGGRESSIVE;
				CLANG_WARN_UNREACHABLE_CODE = YES;
				CLANG_WARN__DUPLICATE_METHOD_MATCH = YES;
				COPY_PHASE_STRIP = NO;
				DEBUG_INFORMATION_FORMAT = "dwarf-with-dsym";
				ENABLE_NS_ASSERTIONS = NO;
				ENABLE_STRICT_OBJC_MSGSEND = YES;
				ENABLE_USER_SCRIPT_SANDBOXING = YES;
				GCC_C_LANGUAGE_STANDARD = gnu17;
				GCC_NO_COMMON_BLOCKS = YES;
				GCC_WARN_64_TO_32_BIT_CONVERSION = YES;
				GCC_WARN_ABOUT_RETURN_TYPE = YES_ERROR;
				GCC_WARN_UNDECLARED_SELECTOR = YES;
				GCC_WARN_UNINITIALIZED_AUTOS = YES_AGGRESSIVE;
				GCC_WARN_UNUSED_FUNCTION = YES;
				GCC_WARN_UNUSED_VARIABLE = YES;
				IPHONEOS_DEPLOYMENT_TARGET = 16.4;
				LOCALIZATION_PREFERS_STRING_CATALOGS = YES;
				MTL_ENABLE_DEBUG_INFO = NO;
				MTL_FAST_MATH = YES;
				SDKROOT = iphoneos;
				SWIFT_COMPILATION_MODE = wholemodule;
				VALIDATE_PRODUCT = YES;
			};
			name = Release;
		};
		FB4689892B0015D1005E9437 /* Debug */ = {
			isa = XCBuildConfiguration;
			buildSettings = {
				ASSETCATALOG_COMPILER_APPICON_NAME = AppIcon;
				ASSETCATALOG_COMPILER_GLOBAL_ACCENT_COLOR_NAME = AccentColor;
				CODE_SIGN_STYLE = Automatic;
				CURRENT_PROJECT_VERSION = 1;
				DEVELOPMENT_ASSET_PATHS = "\"Cookcademy/Preview Content\"";
				ENABLE_PREVIEWS = YES;
				GENERATE_INFOPLIST_FILE = YES;
				INFOPLIST_KEY_UIApplicationSceneManifest_Generation = YES;
				INFOPLIST_KEY_UIApplicationSupportsIndirectInputEvents = YES;
				INFOPLIST_KEY_UILaunchScreen_Generation = YES;
				INFOPLIST_KEY_UISupportedInterfaceOrientations_iPad = "UIInterfaceOrientationPortrait UIInterfaceOrientationPortraitUpsideDown UIInterfaceOrientationLandscapeLeft UIInterfaceOrientationLandscapeRight";
				INFOPLIST_KEY_UISupportedInterfaceOrientations_iPhone = "UIInterfaceOrientationPortrait UIInterfaceOrientationLandscapeLeft UIInterfaceOrientationLandscapeRight";
				IPHONEOS_DEPLOYMENT_TARGET = 16.4;
				LD_RUNPATH_SEARCH_PATHS = (
					"$(inherited)",
					"@executable_path/Frameworks",
				);
				MARKETING_VERSION = 1.0;
				PRODUCT_BUNDLE_IDENTIFIER = JoelMilla.Cookcademy;
				PRODUCT_NAME = "$(TARGET_NAME)";
				SWIFT_EMIT_LOC_STRINGS = YES;
				SWIFT_VERSION = 5.0;
				TARGETED_DEVICE_FAMILY = "1,2";
			};
			name = Debug;
		};
		FB46898A2B0015D1005E9437 /* Release */ = {
			isa = XCBuildConfiguration;
			buildSettings = {
				ASSETCATALOG_COMPILER_APPICON_NAME = AppIcon;
				ASSETCATALOG_COMPILER_GLOBAL_ACCENT_COLOR_NAME = AccentColor;
				CODE_SIGN_STYLE = Automatic;
				CURRENT_PROJECT_VERSION = 1;
				DEVELOPMENT_ASSET_PATHS = "\"Cookcademy/Preview Content\"";
				ENABLE_PREVIEWS = YES;
				GENERATE_INFOPLIST_FILE = YES;
				INFOPLIST_KEY_UIApplicationSceneManifest_Generation = YES;
				INFOPLIST_KEY_UIApplicationSupportsIndirectInputEvents = YES;
				INFOPLIST_KEY_UILaunchScreen_Generation = YES;
				INFOPLIST_KEY_UISupportedInterfaceOrientations_iPad = "UIInterfaceOrientationPortrait UIInterfaceOrientationPortraitUpsideDown UIInterfaceOrientationLandscapeLeft UIInterfaceOrientationLandscapeRight";
				INFOPLIST_KEY_UISupportedInterfaceOrientations_iPhone = "UIInterfaceOrientationPortrait UIInterfaceOrientationLandscapeLeft UIInterfaceOrientationLandscapeRight";
				IPHONEOS_DEPLOYMENT_TARGET = 16.4;
				LD_RUNPATH_SEARCH_PATHS = (
					"$(inherited)",
					"@executable_path/Frameworks",
				);
				MARKETING_VERSION = 1.0;
				PRODUCT_BUNDLE_IDENTIFIER = JoelMilla.Cookcademy;
				PRODUCT_NAME = "$(TARGET_NAME)";
				SWIFT_EMIT_LOC_STRINGS = YES;
				SWIFT_VERSION = 5.0;
				TARGETED_DEVICE_FAMILY = "1,2";
			};
			name = Release;
		};
/* End XCBuildConfiguration section */

/* Begin XCConfigurationList section */
		FB4689752B0015CD005E9437 /* Build configuration list for PBXProject "Cookcademy" */ = {
			isa = XCConfigurationList;
			buildConfigurations = (
				FB4689862B0015D1005E9437 /* Debug */,
				FB4689872B0015D1005E9437 /* Release */,
			);
			defaultConfigurationIsVisible = 0;
			defaultConfigurationName = Release;
		};
		FB4689882B0015D1005E9437 /* Build configuration list for PBXNativeTarget "Cookcademy" */ = {
			isa = XCConfigurationList;
			buildConfigurations = (
				FB4689892B0015D1005E9437 /* Debug */,
				FB46898A2B0015D1005E9437 /* Release */,
			);
			defaultConfigurationIsVisible = 0;
			defaultConfigurationName = Release;
		};
/* End XCConfigurationList section */
	};
	rootObject = FB4689722B0015CD005E9437 /* Project object */;
}
